
Microsoft Visual Studio Solution File, Format Version 12.00
# Visual Studio 15
VisualStudioVersion = 15.0.26124.0
MinimumVisualStudioVersion = 15.0.26124.0
Project("{FAE04EC0-301F-11D3-BF4B-00C04F79EFBC}") = "AvaloniaTest", "src\AvaloniaTest.csproj", "{3F90014F-A8A1-47BC-9494-653644763C2E}"
EndProject
Project("{2150E333-8FDC-42A3-9474-1A3956D46DE8}") = "tests", "tests", "{7A86DD68-5906-450C-9257-D4D31FE3B067}"
EndProject
Project("{FAE04EC0-301F-11D3-BF4B-00C04F79EFBC}") = "Models.Tests", "tests\Models.Tests\Models.Tests.csproj", "{67F49225-C08A-4C25-867A-EF878929A64B}"
EndProject
Global
	GlobalSection(SolutionConfigurationPlatforms) = preSolution
		Debug|Any CPU = Debug|Any CPU
		Debug|x64 = Debug|x64
		Debug|x86 = Debug|x86
		Release|Any CPU = Release|Any CPU
		Release|x64 = Release|x64
		Release|x86 = Release|x86
	EndGlobalSection
	GlobalSection(SolutionProperties) = preSolution
		HideSolutionNode = FALSE
	EndGlobalSection
	GlobalSection(ProjectConfigurationPlatforms) = postSolution
		{3F90014F-A8A1-47BC-9494-653644763C2E}.Debug|Any CPU.ActiveCfg = Debug|Any CPU
		{3F90014F-A8A1-47BC-9494-653644763C2E}.Debug|Any CPU.Build.0 = Debug|Any CPU
		{3F90014F-A8A1-47BC-9494-653644763C2E}.Debug|x64.ActiveCfg = Debug|Any CPU
		{3F90014F-A8A1-47BC-9494-653644763C2E}.Debug|x64.Build.0 = Debug|Any CPU
		{3F90014F-A8A1-47BC-9494-653644763C2E}.Debug|x86.ActiveCfg = Debug|Any CPU
		{3F90014F-A8A1-47BC-9494-653644763C2E}.Debug|x86.Build.0 = Debug|Any CPU
		{3F90014F-A8A1-47BC-9494-653644763C2E}.Release|Any CPU.ActiveCfg = Release|Any CPU
		{3F90014F-A8A1-47BC-9494-653644763C2E}.Release|Any CPU.Build.0 = Release|Any CPU
		{3F90014F-A8A1-47BC-9494-653644763C2E}.Release|x64.ActiveCfg = Release|Any CPU
		{3F90014F-A8A1-47BC-9494-653644763C2E}.Release|x64.Build.0 = Release|Any CPU
		{3F90014F-A8A1-47BC-9494-653644763C2E}.Release|x86.ActiveCfg = Release|Any CPU
		{3F90014F-A8A1-47BC-9494-653644763C2E}.Release|x86.Build.0 = Release|Any CPU
		{67F49225-C08A-4C25-867A-EF878929A64B}.Debug|Any CPU.ActiveCfg = Debug|Any CPU
		{67F49225-C08A-4C25-867A-EF878929A64B}.Debug|Any CPU.Build.0 = Debug|Any CPU
		{67F49225-C08A-4C25-867A-EF878929A64B}.Debug|x64.ActiveCfg = Debug|Any CPU
		{67F49225-C08A-4C25-867A-EF878929A64B}.Debug|x64.Build.0 = Debug|Any CPU
		{67F49225-C08A-4C25-867A-EF878929A64B}.Debug|x86.ActiveCfg = Debug|Any CPU
		{67F49225-C08A-4C25-867A-EF878929A64B}.Debug|x86.Build.0 = Debug|Any CPU
		{67F49225-C08A-4C25-867A-EF878929A64B}.Release|Any CPU.ActiveCfg = Release|Any CPU
		{67F49225-C08A-4C25-867A-EF878929A64B}.Release|Any CPU.Build.0 = Release|Any CPU
		{67F49225-C08A-4C25-867A-EF878929A64B}.Release|x64.ActiveCfg = Release|Any CPU
		{67F49225-C08A-4C25-867A-EF878929A64B}.Release|x64.Build.0 = Release|Any CPU
		{67F49225-C08A-4C25-867A-EF878929A64B}.Release|x86.ActiveCfg = Release|Any CPU
		{67F49225-C08A-4C25-867A-EF878929A64B}.Release|x86.Build.0 = Release|Any CPU
	EndGlobalSection
	GlobalSection(NestedProjects) = preSolution
		{67F49225-C08A-4C25-867A-EF878929A64B} = {7A86DD68-5906-450C-9257-D4D31FE3B067}
	EndGlobalSection
EndGlobal
